// !$*UTF8*$!
{
	archiveVersion = 1;
	classes = {
	};
	objectVersion = 48;
	objects = {

/* Begin PBXBuildFile section */
		9168B00C2021DB7200ED1ED0 /* AppDelegate.swift in Sources */ = {isa = PBXBuildFile; fileRef = 9168B00B2021DB7200ED1ED0 /* AppDelegate.swift */; };
		9168B00E2021DB7200ED1ED0 /* ViewController.swift in Sources */ = {isa = PBXBuildFile; fileRef = 9168B00D2021DB7200ED1ED0 /* ViewController.swift */; };
		9168B0112021DB7200ED1ED0 /* Main.storyboard in Resources */ = {isa = PBXBuildFile; fileRef = 9168B00F2021DB7200ED1ED0 /* Main.storyboard */; };
		9168B0132021DB7200ED1ED0 /* Assets.xcassets in Resources */ = {isa = PBXBuildFile; fileRef = 9168B0122021DB7200ED1ED0 /* Assets.xcassets */; };
		9168B0162021DB7200ED1ED0 /* LaunchScreen.storyboard in Resources */ = {isa = PBXBuildFile; fileRef = 9168B0142021DB7200ED1ED0 /* LaunchScreen.storyboard */; };
		9168B01E2021DD1B00ED1ED0 /* SideMenuVC.swift in Sources */ = {isa = PBXBuildFile; fileRef = 9168B01D2021DD1B00ED1ED0 /* SideMenuVC.swift */; };
		9168B0202021DD6500ED1ED0 /* Manager.swift in Sources */ = {isa = PBXBuildFile; fileRef = 9168B01F2021DD6500ED1ED0 /* Manager.swift */; };
/* End PBXBuildFile section */

/* Begin PBXFileReference section */
		9168B0082021DB7200ED1ED0 /* SideMenuDrawer.app */ = {isa = PBXFileReference; explicitFileType = wrapper.application; includeInIndex = 0; path = SideMenuDrawer.app; sourceTree = BUILT_PRODUCTS_DIR; };
		9168B00B2021DB7200ED1ED0 /* AppDelegate.swift */ = {isa = PBXFileReference; lastKnownFileType = sourcecode.swift; path = AppDelegate.swift; sourceTree = "<group>"; };
		9168B00D2021DB7200ED1ED0 /* ViewController.swift */ = {isa = PBXFileReference; lastKnownFileType = sourcecode.swift; path = ViewController.swift; sourceTree = "<group>"; };
		9168B0102021DB7200ED1ED0 /* Base */ = {isa = PBXFileReference; lastKnownFileType = file.storyboard; name = Base; path = Base.lproj/Main.storyboard; sourceTree = "<group>"; };
		9168B0122021DB7200ED1ED0 /* Assets.xcassets */ = {isa = PBXFileReference; lastKnownFileType = folder.assetcatalog; path = Assets.xcassets; sourceTree = "<group>"; };
		9168B0152021DB7200ED1ED0 /* Base */ = {isa = PBXFileReference; lastKnownFileType = file.storyboard; name = Base; path = Base.lproj/LaunchScreen.storyboard; sourceTree = "<group>"; };
		9168B0172021DB7200ED1ED0 /* Info.plist */ = {isa = PBXFileReference; lastKnownFileType = text.plist.xml; path = Info.plist; sourceTree = "<group>"; };
		9168B01D2021DD1B00ED1ED0 /* SideMenuVC.swift */ = {isa = PBXFileReference; lastKnownFileType = sourcecode.swift; path = SideMenuVC.swift; sourceTree = "<group>"; };
		9168B01F2021DD6500ED1ED0 /* Manager.swift */ = {isa = PBXFileReference; lastKnownFileType = sourcecode.swift; path = Manager.swift; sourceTree = "<group>"; };
/* End PBXFileReference section */

/* Begin PBXFrameworksBuildPhase section */
		9168B0052021DB7200ED1ED0 /* Frameworks */ = {
			isa = PBXFrameworksBuildPhase;
			buildActionMask = 2147483647;
			files = (
			);
			runOnlyForDeploymentPostprocessing = 0;
		};
/* End PBXFrameworksBuildPhase section */

/* Begin PBXGroup section */
		9168AFFF2021DB7200ED1ED0 = {
			isa = PBXGroup;
			children = (
				9168B00A2021DB7200ED1ED0 /* SideMenuDrawer */,
				9168B0092021DB7200ED1ED0 /* Products */,
			);
			sourceTree = "<group>";
		};
		9168B0092021DB7200ED1ED0 /* Products */ = {
			isa = PBXGroup;
			children = (
				9168B0082021DB7200ED1ED0 /* SideMenuDrawer.app */,
			);
			name = Products;
			sourceTree = "<group>";
		};
		9168B00A2021DB7200ED1ED0 /* SideMenuDrawer */ = {
			isa = PBXGroup;
			children = (
				9168B00B2021DB7200ED1ED0 /* AppDelegate.swift */,
				9168B00D2021DB7200ED1ED0 /* ViewController.swift */,
				9168B00F2021DB7200ED1ED0 /* Main.storyboard */,
				9168B0122021DB7200ED1ED0 /* Assets.xcassets */,
				9168B0142021DB7200ED1ED0 /* LaunchScreen.storyboard */,
				9168B0172021DB7200ED1ED0 /* Info.plist */,
				9168B01D2021DD1B00ED1ED0 /* SideMenuVC.swift */,
				9168B01F2021DD6500ED1ED0 /* Manager.swift */,
			);
			path = SideMenuDrawer;
			sourceTree = "<group>";
		};
/* End PBXGroup section */

/* Begin PBXNativeTarget section */
		9168B0072021DB7200ED1ED0 /* SideMenuDrawer */ = {
			isa = PBXNativeTarget;
			buildConfigurationList = 9168B01A2021DB7200ED1ED0 /* Build configuration list for PBXNativeTarget "SideMenuDrawer" */;
			buildPhases = (
				9168B0042021DB7200ED1ED0 /* Sources */,
				9168B0052021DB7200ED1ED0 /* Frameworks */,
				9168B0062021DB7200ED1ED0 /* Resources */,
			);
			buildRules = (
			);
			dependencies = (
			);
			name = SideMenuDrawer;
			productName = SideMenuDrawer;
			productReference = 9168B0082021DB7200ED1ED0 /* SideMenuDrawer.app */;
			productType = "com.apple.product-type.application";
		};
/* End PBXNativeTarget section */

/* Begin PBXProject section */
		9168B0002021DB7200ED1ED0 /* Project object */ = {
			isa = PBXProject;
			attributes = {
				LastSwiftUpdateCheck = 0920;
				LastUpgradeCheck = 0920;
				ORGANIZATIONNAME = iOSDeveloper;
				TargetAttributes = {
					9168B0072021DB7200ED1ED0 = {
						CreatedOnToolsVersion = 9.2;
						ProvisioningStyle = Automatic;
					};
				};
			};
			buildConfigurationList = 9168B0032021DB7200ED1ED0 /* Build configuration list for PBXProject "SideMenuDrawer" */;
			compatibilityVersion = "Xcode 8.0";
			developmentRegion = en;
			hasScannedForEncodings = 0;
			knownRegions = (
				en,
				Base,
			);
			mainGroup = 9168AFFF2021DB7200ED1ED0;
			productRefGroup = 9168B0092021DB7200ED1ED0 /* Products */;
			projectDirPath = "";
			projectRoot = "";
			targets = (
				9168B0072021DB7200ED1ED0 /* SideMenuDrawer */,
			);
		};
/* End PBXProject section */

/* Begin PBXResourcesBuildPhase section */
		9168B0062021DB7200ED1ED0 /* Resources */ = {
			isa = PBXResourcesBuildPhase;
			buildActionMask = 2147483647;
			files = (
				9168B0162021DB7200ED1ED0 /* LaunchScreen.storyboard in Resources */,
				9168B0132021DB7200ED1ED0 /* Assets.xcassets in Resources */,
				9168B0112021DB7200ED1ED0 /* Main.storyboard in Resources */,
			);
			runOnlyForDeploymentPostprocessing = 0;
		};
/* End PBXResourcesBuildPhase section */

/* Begin PBXSourcesBuildPhase section */
		9168B0042021DB7200ED1ED0 /* Sources */ = {
			isa = PBXSourcesBuildPhase;
			buildActionMask = 2147483647;
			files = (
				9168B00E2021DB7200ED1ED0 /* ViewController.swift in Sources */,
				9168B00C2021DB7200ED1ED0 /* AppDelegate.swift in Sources */,
				9168B01E2021DD1B00ED1ED0 /* SideMenuVC.swift in Sources */,
				9168B0202021DD6500ED1ED0 /* Manager.swift in Sources */,
			);
			runOnlyForDeploymentPostprocessing = 0;
		};
/* End PBXSourcesBuildPhase section */

/* Begin PBXVariantGroup section */
		9168B00F2021DB7200ED1ED0 /* Main.storyboard */ = {
			isa = PBXVariantGroup;
			children = (
				9168B0102021DB7200ED1ED0 /* Base */,
			);
			name = Main.storyboard;
			sourceTree = "<group>";
		};
		9168B0142021DB7200ED1ED0 /* LaunchScreen.storyboard */ = {
			isa = PBXVariantGroup;
			children = (
				9168B0152021DB7200ED1ED0 /* Base */,
			);
			name = LaunchScreen.storyboard;
			sourceTree = "<group>";
		};
/* End PBXVariantGroup section */

/* Begin XCBuildConfiguration section */
		9168B0182021DB7200ED1ED0 /* Debug */ = {
			isa = XCBuildConfiguration;
			buildSettings = {
				ALWAYS_SEARCH_USER_PATHS = NO;
				CLANG_ANALYZER_NONNULL = YES;
				CLANG_ANALYZER_NUMBER_OBJECT_CONVERSION = YES_AGGRESSIVE;
				CLANG_CXX_LANGUAGE_STANDARD = "gnu++14";
				CLANG_CXX_LIBRARY = "libc++";
				CLANG_ENABLE_MODULES = YES;
				CLANG_ENABLE_OBJC_ARC = YES;
				CLANG_WARN_BLOCK_CAPTURE_AUTORELEASING = YES;
				CLANG_WARN_BOOL_CONVERSION = YES;
				CLANG_WARN_COMMA = YES;
				CLANG_WARN_CONSTANT_CONVERSION = YES;
				CLANG_WARN_DIRECT_OBJC_ISA_USAGE = YES_ERROR;
				CLANG_WARN_DOCUMENTATION_COMMENTS = YES;
				CLANG_WARN_EMPTY_BODY = YES;
				CLANG_WARN_ENUM_CONVERSION = YES;
				CLANG_WARN_INFINITE_RECURSION = YES;
				CLANG_WARN_INT_CONVERSION = YES;
				CLANG_WARN_NON_LITERAL_NULL_CONVERSION = YES;
				CLANG_WARN_OBJC_LITERAL_CONVERSION = YES;
				CLANG_WARN_OBJC_ROOT_CLASS = YES_ERROR;
				CLANG_WARN_RANGE_LOOP_ANALYSIS = YES;
				CLANG_WARN_STRICT_PROTOTYPES = YES;
				CLANG_WARN_SUSPICIOUS_MOVE = YES;
				CLANG_WARN_UNGUARDED_AVAILABILITY = YES_AGGRESSIVE;
				CLANG_WARN_UNREACHABLE_CODE = YES;
				CLANG_WARN__DUPLICATE_METHOD_MATCH = YES;
				CODE_SIGN_IDENTITY = "iPhone Developer";
				COPY_PHASE_STRIP = NO;
				DEBUG_INFORMATION_FORMAT = dwarf;
				ENABLE_STRICT_OBJC_MSGSEND = YES;
				ENABLE_TESTABILITY = YES;
				GCC_C_LANGUAGE_STANDARD = gnu11;
				GCC_DYNAMIC_NO_PIC = NO;
				GCC_NO_COMMON_BLOCKS = YES;
				GCC_OPTIMIZATION_LEVEL = 0;
				GCC_PREPROCESSOR_DEFINITIONS = (
					"DEBUG=1",
					"$(inherited)",
				);
				GCC_WARN_64_TO_32_BIT_CONVERSION = YES;
				GCC_WARN_ABOUT_RETURN_TYPE = YES_ERROR;
				GCC_WARN_UNDECLARED_SELECTOR = YES;
				GCC_WARN_UNINITIALIZED_AUTOS = YES_AGGRESSIVE;
				GCC_WARN_UNUSED_FUNCTION = YES;
				GCC_WARN_UNUSED_VARIABLE = YES;
				IPHONEOS_DEPLOYMENT_TARGET = 11.2;
				MTL_ENABLE_DEBUG_INFO = YES;
				ONLY_ACTIVE_ARCH = YES;
				SDKROOT = iphoneos;
				SWIFT_ACTIVE_COMPILATION_CONDITIONS = DEBUG;
				SWIFT_OPTIMIZATION_LEVEL = "-Onone";
			};
			name = Debug;
		};
		9168B0192021DB7200ED1ED0 /* Release */ = {
			isa = XCBuildConfiguration;
			buildSettings = {
				ALWAYS_SEARCH_USER_PATHS = NO;
				CLANG_ANALYZER_NONNULL = YES;
				CLANG_ANALYZER_NUMBER_OBJECT_CONVERSION = YES_AGGRESSIVE;
				CLANG_CXX_LANGUAGE_STANDARD = "gnu++14";
				CLANG_CXX_LIBRARY = "libc++";
				CLANG_ENABLE_MODULES = YES;
				CLANG_ENABLE_OBJC_ARC = YES;
				CLANG_WARN_BLOCK_CAPTURE_AUTORELEASING = YES;
				CLANG_WARN_BOOL_CONVERSION = YES;
				CLANG_WARN_COMMA = YES;
				CLANG_WARN_CONSTANT_CONVERSION = YES;
				CLANG_WARN_DIRECT_OBJC_ISA_USAGE = YES_ERROR;
				CLANG_WARN_DOCUMENTATION_COMMENTS = YES;
				CLANG_WARN_EMPTY_BODY = YES;
				CLANG_WARN_ENUM_CONVERSION = YES;
				CLANG_WARN_INFINITE_RECURSION = YES;
				CLANG_WARN_INT_CONVERSION = YES;
				CLANG_WARN_NON_LITERAL_NULL_CONVERSION = YES;
				CLANG_WARN_OBJC_LITERAL_CONVERSION = YES;
				CLANG_WARN_OBJC_ROOT_CLASS = YES_ERROR;
				CLANG_WARN_RANGE_LOOP_ANALYSIS = YES;
				CLANG_WARN_STRICT_PROTOTYPES = YES;
				CLANG_WARN_SUSPICIOUS_MOVE = YES;
				CLANG_WARN_UNGUARDED_AVAILABILITY = YES_AGGRESSIVE;
				CLANG_WARN_UNREACHABLE_CODE = YES;
				CLANG_WARN__DUPLICATE_METHOD_MATCH = YES;
				CODE_SIGN_IDENTITY = "iPhone Developer";
				COPY_PHASE_STRIP = NO;
				DEBUG_INFORMATION_FORMAT = "dwarf-with-dsym";
				ENABLE_NS_ASSERTIONS = NO;
				ENABLE_STRICT_OBJC_MSGSEND = YES;
				GCC_C_LANGUAGE_STANDARD = gnu11;
				GCC_NO_COMMON_BLOCKS = YES;
				GCC_WARN_64_TO_32_BIT_CONVERSION = YES;
				GCC_WARN_ABOUT_RETURN_TYPE = YES_ERROR;
				GCC_WARN_UNDECLARED_SELECTOR = YES;
				GCC_WARN_UNINITIALIZED_AUTOS = YES_AGGRESSIVE;
				GCC_WARN_UNUSED_FUNCTION = YES;
				GCC_WARN_UNUSED_VARIABLE = YES;
				IPHONEOS_DEPLOYMENT_TARGET = 11.2;
				MTL_ENABLE_DEBUG_INFO = NO;
				SDKROOT = iphoneos;
				SWIFT_OPTIMIZATION_LEVEL = "-Owholemodule";
				VALIDATE_PRODUCT = YES;
			};
			name = Release;
		};
		9168B01B2021DB7200ED1ED0 /* Debug */ = {
			isa = XCBuildConfiguration;
			buildSettings = {
				ASSETCATALOG_COMPILER_APPICON_NAME = AppIcon;
				CODE_SIGN_STYLE = Automatic;
				INFOPLIST_FILE = SideMenuDrawer/Info.plist;
				LD_RUNPATH_SEARCH_PATHS = "$(inherited) @executable_path/Frameworks";
				PRODUCT_BUNDLE_IDENTIFIER = com.RockinGarg.SideMenuDrawer;
				PRODUCT_NAME = "$(TARGET_NAME)";
				SWIFT_VERSION = 4.0;
				TARGETED_DEVICE_FAMILY = "1,2";
			};
			name = Debug;
		};
		9168B01C2021DB7200ED1ED0 /* Release */ = {
			isa = XCBuildConfiguration;
			buildSettings = {
				ASSETCATALOG_COMPILER_APPICON_NAME = AppIcon;
				CODE_SIGN_STYLE = Automatic;
				INFOPLIST_FILE = SideMenuDrawer/Info.plist;
				LD_RUNPATH_SEARCH_PATHS = "$(inherited) @executable_path/Frameworks";
				PRODUCT_BUNDLE_IDENTIFIER = com.RockinGarg.SideMenuDrawer;
				PRODUCT_NAME = "$(TARGET_NAME)";
				SWIFT_VERSION = 4.0;
				TARGETED_DEVICE_FAMILY = "1,2";
			};
			name = Release;
		};
/* End XCBuildConfiguration section */

/* Begin XCConfigurationList section */
		9168B0032021DB7200ED1ED0 /* Build configuration list for PBXProject "SideMenuDrawer" */ = {
			isa = XCConfigurationList;
			buildConfigurations = (
				9168B0182021DB7200ED1ED0 /* Debug */,
				9168B0192021DB7200ED1ED0 /* Release */,
			);
			defaultConfigurationIsVisible = 0;
			defaultConfigurationName = Release;
		};
		9168B01A2021DB7200ED1ED0 /* Build configuration list for PBXNativeTarget "SideMenuDrawer" */ = {
			isa = XCConfigurationList;
			buildConfigurations = (
				9168B01B2021DB7200ED1ED0 /* Debug */,
				9168B01C2021DB7200ED1ED0 /* Release */,
			);
			defaultConfigurationIsVisible = 0;
			defaultConfigurationName = Release;
		};
/* End XCConfigurationList section */
	};
	rootObject = 9168B0002021DB7200ED1ED0 /* Project object */;
}
